// !$*UTF8*$!
{
	archiveVersion = 1;
	classes = {
	};
	objectVersion = 46;
	objects = {

/* Begin PBXBuildFile section */
		44E781BF3D5C4EEF8E5FE5AC /* libPods-specs.a in Frameworks */ = {isa = PBXBuildFile; fileRef = F52EB70BB3FE473DB0B1AB89 /* libPods-specs.a */; };
		B27A91EE24E37A17599F2648 /* CoreGraphics.framework in Frameworks */ = {isa = PBXBuildFile; fileRef = B27A9D35B8B2FFCDCFA8C039 /* CoreGraphics.framework */; };
		B27A955462D19DF6532E4EAD /* AppDelegate.m in Sources */ = {isa = PBXBuildFile; fileRef = B27A9C5CF631F2383502EF6E /* AppDelegate.m */; };
		B27A965D0DA845227DAACFAD /* InfoPlist.strings in Resources */ = {isa = PBXBuildFile; fileRef = B27A9FDA92CFC41E05517528 /* InfoPlist.strings */; };
		B27A98A856F6EA8E1A2929E7 /* SignInViewController.m in Sources */ = {isa = PBXBuildFile; fileRef = B27A94376D68C826AF19B4FC /* SignInViewController.m */; };
		B27A99FD13C4A2B47D6FA15A /* UIKit.framework in Frameworks */ = {isa = PBXBuildFile; fileRef = B27A991DD2B592B0E5F98588 /* UIKit.framework */; };
		B27A9A6A8B337434193E02FC /* Images.xcassets in Resources */ = {isa = PBXBuildFile; fileRef = B27A9B165E9773D8A82F8FC2 /* Images.xcassets */; };
		B27A9C2BCCB71D5F23F5BD1A /* main.m in Sources */ = {isa = PBXBuildFile; fileRef = B27A9FE72874270509DCD124 /* main.m */; };
		B27A9FC04A12622DC50D1BD5 /* Foundation.framework in Frameworks */ = {isa = PBXBuildFile; fileRef = B27A9E27CC365804FBB3F2DF /* Foundation.framework */; };
		BBCBFAB019AE32C400DDA6F9 /* XCTest.framework in Frameworks */ = {isa = PBXBuildFile; fileRef = B27A9CA34D3F7676E7CDAB9C /* XCTest.framework */; };
		BBCBFAB119AE32C400DDA6F9 /* Foundation.framework in Frameworks */ = {isa = PBXBuildFile; fileRef = B27A9E27CC365804FBB3F2DF /* Foundation.framework */; };
		BBCBFAB219AE32C400DDA6F9 /* UIKit.framework in Frameworks */ = {isa = PBXBuildFile; fileRef = B27A991DD2B592B0E5F98588 /* UIKit.framework */; };
		BBCBFAB819AE32C400DDA6F9 /* InfoPlist.strings in Resources */ = {isa = PBXBuildFile; fileRef = BBCBFAB619AE32C400DDA6F9 /* InfoPlist.strings */; };
/* End PBXBuildFile section */

/* Begin PBXContainerItemProxy section */
		BBCBFABC19AE32C400DDA6F9 /* PBXContainerItemProxy */ = {
			isa = PBXContainerItemProxy;
			containerPortal = B27A914D3249099782BE3FD6 /* Project object */;
			proxyType = 1;
			remoteGlobalIDString = B27A9CF2850830EA305F0B2D;
			remoteInfo = "BDD-App-Code";
		};
/* End PBXContainerItemProxy section */

/* Begin PBXFileReference section */
		8774F35ADAB94F01B8C26346 /* Pods-specs.xcconfig */ = {isa = PBXFileReference; includeInIndex = 1; lastKnownFileType = text.xcconfig; name = "Pods-specs.xcconfig"; path = "Pods/Pods-specs.xcconfig"; sourceTree = "<group>"; };
		B27A93C5A2A2AD3B47996EB8 /* SignInService.h */ = {isa = PBXFileReference; fileEncoding = 4; lastKnownFileType = sourcecode.c.h; path = SignInService.h; sourceTree = "<group>"; };
		B27A94376D68C826AF19B4FC /* SignInViewController.m */ = {isa = PBXFileReference; fileEncoding = 4; lastKnownFileType = sourcecode.c.objc; path = SignInViewController.m; sourceTree = "<group>"; };
		B27A9684BBA3A5EB7FB2E453 /* BDD-App-Code-Info.plist */ = {isa = PBXFileReference; lastKnownFileType = text.plist.info; path = "BDD-App-Code-Info.plist"; sourceTree = "<group>"; };
		B27A985FBE39C4AB7FA3EF6E /* AppDelegate.h */ = {isa = PBXFileReference; lastKnownFileType = sourcecode.c.h; path = AppDelegate.h; sourceTree = "<group>"; };
		B27A987FBD06AA4BFB7FE641 /* BDD-App-Code.app */ = {isa = PBXFileReference; explicitFileType = wrapper.application; includeInIndex = 0; path = "BDD-App-Code.app"; sourceTree = BUILT_PRODUCTS_DIR; };
		B27A991DD2B592B0E5F98588 /* UIKit.framework */ = {isa = PBXFileReference; lastKnownFileType = wrapper.framework; name = UIKit.framework; path = System/Library/Frameworks/UIKit.framework; sourceTree = SDKROOT; };
		B27A9937FA929658B4B04845 /* SignInViewController.h */ = {isa = PBXFileReference; fileEncoding = 4; lastKnownFileType = sourcecode.c.h; path = SignInViewController.h; sourceTree = "<group>"; };
		B27A9B165E9773D8A82F8FC2 /* Images.xcassets */ = {isa = PBXFileReference; lastKnownFileType = folder.assetcatalog; path = Images.xcassets; sourceTree = "<group>"; };
		B27A9B1E6C687BF9F334DE63 /* BDD-App-Code-Prefix.pch */ = {isa = PBXFileReference; lastKnownFileType = sourcecode.c.h; path = "BDD-App-Code-Prefix.pch"; sourceTree = "<group>"; };
		B27A9C5CF631F2383502EF6E /* AppDelegate.m */ = {isa = PBXFileReference; lastKnownFileType = sourcecode.c.objc; path = AppDelegate.m; sourceTree = "<group>"; };
		B27A9CA34D3F7676E7CDAB9C /* XCTest.framework */ = {isa = PBXFileReference; lastKnownFileType = wrapper.framework; name = XCTest.framework; path = Library/Frameworks/XCTest.framework; sourceTree = DEVELOPER_DIR; };
		B27A9D35B8B2FFCDCFA8C039 /* CoreGraphics.framework */ = {isa = PBXFileReference; lastKnownFileType = wrapper.framework; name = CoreGraphics.framework; path = System/Library/Frameworks/CoreGraphics.framework; sourceTree = SDKROOT; };
		B27A9DF64C99E8A4739DE860 /* en */ = {isa = PBXFileReference; lastKnownFileType = text.plist.strings; name = en; path = en.lproj/InfoPlist.strings; sourceTree = "<group>"; };
		B27A9E27CC365804FBB3F2DF /* Foundation.framework */ = {isa = PBXFileReference; lastKnownFileType = wrapper.framework; name = Foundation.framework; path = System/Library/Frameworks/Foundation.framework; sourceTree = SDKROOT; };
		B27A9FE72874270509DCD124 /* main.m */ = {isa = PBXFileReference; lastKnownFileType = sourcecode.c.objc; path = main.m; sourceTree = "<group>"; };
		BBCBFAAF19AE32C400DDA6F9 /* BDD-App-CodeSpecs.xctest */ = {isa = PBXFileReference; explicitFileType = wrapper.cfbundle; includeInIndex = 0; path = "BDD-App-CodeSpecs.xctest"; sourceTree = BUILT_PRODUCTS_DIR; };
		BBCBFAB519AE32C400DDA6F9 /* BDD-App-CodeSpecs-Info.plist */ = {isa = PBXFileReference; lastKnownFileType = text.plist.xml; path = "BDD-App-CodeSpecs-Info.plist"; sourceTree = "<group>"; };
		BBCBFAB719AE32C400DDA6F9 /* en */ = {isa = PBXFileReference; lastKnownFileType = text.plist.strings; name = en; path = en.lproj/InfoPlist.strings; sourceTree = "<group>"; };
		BBCBFABB19AE32C400DDA6F9 /* BDD-App-CodeSpecs-Prefix.pch */ = {isa = PBXFileReference; lastKnownFileType = sourcecode.c.h; path = "BDD-App-CodeSpecs-Prefix.pch"; sourceTree = "<group>"; };
		F52EB70BB3FE473DB0B1AB89 /* libPods-specs.a */ = {isa = PBXFileReference; explicitFileType = archive.ar; includeInIndex = 0; path = "libPods-specs.a"; sourceTree = BUILT_PRODUCTS_DIR; };
/* End PBXFileReference section */

/* Begin PBXFrameworksBuildPhase section */
		B27A9836A270334F205AAF25 /* Frameworks */ = {
			isa = PBXFrameworksBuildPhase;
			buildActionMask = 2147483647;
			files = (
				B27A9FC04A12622DC50D1BD5 /* Foundation.framework in Frameworks */,
				B27A91EE24E37A17599F2648 /* CoreGraphics.framework in Frameworks */,
				B27A99FD13C4A2B47D6FA15A /* UIKit.framework in Frameworks */,
			);
			runOnlyForDeploymentPostprocessing = 0;
		};
		BBCBFAAC19AE32C400DDA6F9 /* Frameworks */ = {
			isa = PBXFrameworksBuildPhase;
			buildActionMask = 2147483647;
			files = (
				BBCBFAB019AE32C400DDA6F9 /* XCTest.framework in Frameworks */,
				BBCBFAB219AE32C400DDA6F9 /* UIKit.framework in Frameworks */,
				BBCBFAB119AE32C400DDA6F9 /* Foundation.framework in Frameworks */,
				44E781BF3D5C4EEF8E5FE5AC /* libPods-specs.a in Frameworks */,
			);
			runOnlyForDeploymentPostprocessing = 0;
		};
/* End PBXFrameworksBuildPhase section */

/* Begin PBXGroup section */
		B27A902055B30F86329BC4B1 /* Supporting Files */ = {
			isa = PBXGroup;
			children = (
				B27A9684BBA3A5EB7FB2E453 /* BDD-App-Code-Info.plist */,
				B27A9FDA92CFC41E05517528 /* InfoPlist.strings */,
				B27A9FE72874270509DCD124 /* main.m */,
				B27A9B1E6C687BF9F334DE63 /* BDD-App-Code-Prefix.pch */,
			);
			name = "Supporting Files";
			sourceTree = "<group>";
		};
		B27A90F63EE14E9FBB770969 /* Frameworks */ = {
			isa = PBXGroup;
			children = (
				B27A9E27CC365804FBB3F2DF /* Foundation.framework */,
				B27A9D35B8B2FFCDCFA8C039 /* CoreGraphics.framework */,
				B27A991DD2B592B0E5F98588 /* UIKit.framework */,
				B27A9CA34D3F7676E7CDAB9C /* XCTest.framework */,
				F52EB70BB3FE473DB0B1AB89 /* libPods-specs.a */,
			);
			name = Frameworks;
			sourceTree = "<group>";
		};
		B27A92A66D7640AEFCDF5023 /* Sign In Service */ = {
			isa = PBXGroup;
			children = (
				B27A93C5A2A2AD3B47996EB8 /* SignInService.h */,
				B27A94376D68C826AF19B4FC /* SignInViewController.m */,
				B27A9937FA929658B4B04845 /* SignInViewController.h */,
			);
			path = "Sign In Service";
			sourceTree = "<group>";
		};
		B27A9A53DF636F1104596D53 /* Products */ = {
			isa = PBXGroup;
			children = (
				B27A987FBD06AA4BFB7FE641 /* BDD-App-Code.app */,
				BBCBFAAF19AE32C400DDA6F9 /* BDD-App-CodeSpecs.xctest */,
			);
			name = Products;
			sourceTree = "<group>";
		};
		B27A9B46CB791883463779EE = {
			isa = PBXGroup;
			children = (
				BBCBFAB319AE32C400DDA6F9 /* BDD-App-CodeSpecs */,
				B27A9A53DF636F1104596D53 /* Products */,
				B27A90F63EE14E9FBB770969 /* Frameworks */,
				B27A9F5EE46AD18D08316958 /* BDD-App-Code */,
				8774F35ADAB94F01B8C26346 /* Pods-specs.xcconfig */,
			);
			sourceTree = "<group>";
		};
		B27A9F5EE46AD18D08316958 /* BDD-App-Code */ = {
			isa = PBXGroup;
			children = (
				B27A902055B30F86329BC4B1 /* Supporting Files */,
				B27A985FBE39C4AB7FA3EF6E /* AppDelegate.h */,
				B27A9C5CF631F2383502EF6E /* AppDelegate.m */,
				B27A9B165E9773D8A82F8FC2 /* Images.xcassets */,
				B27A92A66D7640AEFCDF5023 /* Sign In Service */,
			);
			path = "BDD-App-Code";
			sourceTree = "<group>";
		};
		BBCBFAB319AE32C400DDA6F9 /* BDD-App-CodeSpecs */ = {
			isa = PBXGroup;
			children = (
				BBCBFAB419AE32C400DDA6F9 /* Supporting Files */,
			);
			path = "BDD-App-CodeSpecs";
			sourceTree = "<group>";
		};
		BBCBFAB419AE32C400DDA6F9 /* Supporting Files */ = {
			isa = PBXGroup;
			children = (
				BBCBFAB519AE32C400DDA6F9 /* BDD-App-CodeSpecs-Info.plist */,
				BBCBFAB619AE32C400DDA6F9 /* InfoPlist.strings */,
				BBCBFABB19AE32C400DDA6F9 /* BDD-App-CodeSpecs-Prefix.pch */,
			);
			name = "Supporting Files";
			sourceTree = "<group>";
		};
/* End PBXGroup section */

/* Begin PBXNativeTarget section */
		B27A9CF2850830EA305F0B2D /* BDD-App-Code */ = {
			isa = PBXNativeTarget;
			buildConfigurationList = B27A91B55C6BCB16F63F483F /* Build configuration list for PBXNativeTarget "BDD-App-Code" */;
			buildPhases = (
				B27A9EB0B651898B560892FA /* Sources */,
				B27A9836A270334F205AAF25 /* Frameworks */,
				B27A99CAB1537B210448DAA2 /* Resources */,
			);
			buildRules = (
			);
			dependencies = (
			);
			name = "BDD-App-Code";
			productName = "BDD-App-Code";
			productReference = B27A987FBD06AA4BFB7FE641 /* BDD-App-Code.app */;
			productType = "com.apple.product-type.application";
		};
		BBCBFAAE19AE32C400DDA6F9 /* BDD-App-CodeSpecs */ = {
			isa = PBXNativeTarget;
			buildConfigurationList = BBCBFABE19AE32C400DDA6F9 /* Build configuration list for PBXNativeTarget "BDD-App-CodeSpecs" */;
			buildPhases = (
				A29E277C16CE4A1DBF4C4D80 /* Check Pods Manifest.lock */,
				BBCBFAAB19AE32C400DDA6F9 /* Sources */,
				BBCBFAAC19AE32C400DDA6F9 /* Frameworks */,
				BBCBFAAD19AE32C400DDA6F9 /* Resources */,
				51A5039F728F477790C97DE0 /* Copy Pods Resources */,
			);
			buildRules = (
			);
			dependencies = (
				BBCBFABD19AE32C400DDA6F9 /* PBXTargetDependency */,
			);
			name = "BDD-App-CodeSpecs";
			productName = "BDD-App-CodeSpecs";
			productReference = BBCBFAAF19AE32C400DDA6F9 /* BDD-App-CodeSpecs.xctest */;
			productType = "com.apple.product-type.bundle.unit-test";
		};
/* End PBXNativeTarget section */

/* Begin PBXProject section */
		B27A914D3249099782BE3FD6 /* Project object */ = {
			isa = PBXProject;
			attributes = {
				ORGANIZATIONNAME = Dudek;
				TargetAttributes = {
					BBCBFAAE19AE32C400DDA6F9 = {
						TestTargetID = B27A9CF2850830EA305F0B2D;
					};
				};
			};
			buildConfigurationList = B27A9EBE674BD4FC8F4719A0 /* Build configuration list for PBXProject "BDD-App-Code" */;
			compatibilityVersion = "Xcode 3.2";
			developmentRegion = English;
			hasScannedForEncodings = 0;
			knownRegions = (
				en,
			);
			mainGroup = B27A9B46CB791883463779EE;
			productRefGroup = B27A9A53DF636F1104596D53 /* Products */;
			projectDirPath = "";
			projectRoot = "";
			targets = (
				B27A9CF2850830EA305F0B2D /* BDD-App-Code */,
				BBCBFAAE19AE32C400DDA6F9 /* BDD-App-CodeSpecs */,
			);
		};
/* End PBXProject section */

/* Begin PBXResourcesBuildPhase section */
		B27A99CAB1537B210448DAA2 /* Resources */ = {
			isa = PBXResourcesBuildPhase;
			buildActionMask = 2147483647;
			files = (
				B27A965D0DA845227DAACFAD /* InfoPlist.strings in Resources */,
				B27A9A6A8B337434193E02FC /* Images.xcassets in Resources */,
			);
			runOnlyForDeploymentPostprocessing = 0;
		};
		BBCBFAAD19AE32C400DDA6F9 /* Resources */ = {
			isa = PBXResourcesBuildPhase;
			buildActionMask = 2147483647;
			files = (
				BBCBFAB819AE32C400DDA6F9 /* InfoPlist.strings in Resources */,
			);
			runOnlyForDeploymentPostprocessing = 0;
		};
/* End PBXResourcesBuildPhase section */

/* Begin PBXShellScriptBuildPhase section */
		51A5039F728F477790C97DE0 /* Copy Pods Resources */ = {
			isa = PBXShellScriptBuildPhase;
			buildActionMask = 2147483647;
			files = (
			);
			inputPaths = (
			);
			name = "Copy Pods Resources";
			outputPaths = (
			);
			runOnlyForDeploymentPostprocessing = 0;
			shellPath = /bin/sh;
			shellScript = "\"${SRCROOT}/Pods/Pods-specs-resources.sh\"\n";
			showEnvVarsInLog = 0;
		};
		A29E277C16CE4A1DBF4C4D80 /* Check Pods Manifest.lock */ = {
			isa = PBXShellScriptBuildPhase;
			buildActionMask = 2147483647;
			files = (
			);
			inputPaths = (
			);
			name = "Check Pods Manifest.lock";
			outputPaths = (
			);
			runOnlyForDeploymentPostprocessing = 0;
			shellPath = /bin/sh;
			shellScript = "diff \"${PODS_ROOT}/../Podfile.lock\" \"${PODS_ROOT}/Manifest.lock\" > /dev/null\nif [[ $? != 0 ]] ; then\n    cat << EOM\nerror: The sandbox is not in sync with the Podfile.lock. Run 'pod install' or update your CocoaPods installation.\nEOM\n    exit 1\nfi\n";
			showEnvVarsInLog = 0;
		};
/* End PBXShellScriptBuildPhase section */

/* Begin PBXSourcesBuildPhase section */
		B27A9EB0B651898B560892FA /* Sources */ = {
			isa = PBXSourcesBuildPhase;
			buildActionMask = 2147483647;
			files = (
				B27A9C2BCCB71D5F23F5BD1A /* main.m in Sources */,
				B27A955462D19DF6532E4EAD /* AppDelegate.m in Sources */,
				B27A98A856F6EA8E1A2929E7 /* SignInViewController.m in Sources */,
			);
			runOnlyForDeploymentPostprocessing = 0;
		};
		BBCBFAAB19AE32C400DDA6F9 /* Sources */ = {
			isa = PBXSourcesBuildPhase;
			buildActionMask = 2147483647;
			files = (
			);
			runOnlyForDeploymentPostprocessing = 0;
		};
/* End PBXSourcesBuildPhase section */

/* Begin PBXTargetDependency section */
		BBCBFABD19AE32C400DDA6F9 /* PBXTargetDependency */ = {
			isa = PBXTargetDependency;
			target = B27A9CF2850830EA305F0B2D /* BDD-App-Code */;
			targetProxy = BBCBFABC19AE32C400DDA6F9 /* PBXContainerItemProxy */;
		};
/* End PBXTargetDependency section */

/* Begin PBXVariantGroup section */
		B27A9FDA92CFC41E05517528 /* InfoPlist.strings */ = {
			isa = PBXVariantGroup;
			children = (
				B27A9DF64C99E8A4739DE860 /* en */,
			);
			name = InfoPlist.strings;
			sourceTree = "<group>";
		};
		BBCBFAB619AE32C400DDA6F9 /* InfoPlist.strings */ = {
			isa = PBXVariantGroup;
			children = (
				BBCBFAB719AE32C400DDA6F9 /* en */,
			);
			name = InfoPlist.strings;
			sourceTree = "<group>";
		};
/* End PBXVariantGroup section */

/* Begin XCBuildConfiguration section */
		B27A9448E1ABB63FC69F0A92 /* Release */ = {
			isa = XCBuildConfiguration;
			buildSettings = {
				ALWAYS_SEARCH_USER_PATHS = NO;
				CLANG_CXX_LANGUAGE_STANDARD = "gnu++0x";
				CLANG_CXX_LIBRARY = "libc++";
				CLANG_ENABLE_MODULES = YES;
				CLANG_ENABLE_OBJC_ARC = YES;
				CLANG_WARN_BOOL_CONVERSION = YES;
				CLANG_WARN_CONSTANT_CONVERSION = YES;
				CLANG_WARN_DIRECT_OBJC_ISA_USAGE = YES_ERROR;
				CLANG_WARN_EMPTY_BODY = YES;
				CLANG_WARN_ENUM_CONVERSION = YES;
				CLANG_WARN_INT_CONVERSION = YES;
				CLANG_WARN_OBJC_ROOT_CLASS = YES_ERROR;
				CLANG_WARN__DUPLICATE_METHOD_MATCH = YES;
				"CODE_SIGN_IDENTITY[sdk=iphoneos*]" = "iPhone Developer";
				COPY_PHASE_STRIP = YES;
				ENABLE_NS_ASSERTIONS = NO;
				GCC_C_LANGUAGE_STANDARD = gnu99;
				GCC_WARN_64_TO_32_BIT_CONVERSION = YES;
				GCC_WARN_ABOUT_RETURN_TYPE = YES_ERROR;
				GCC_WARN_UNDECLARED_SELECTOR = YES;
				GCC_WARN_UNINITIALIZED_AUTOS = YES_AGGRESSIVE;
				GCC_WARN_UNUSED_FUNCTION = YES;
				GCC_WARN_UNUSED_VARIABLE = YES;
				IPHONEOS_DEPLOYMENT_TARGET = 7.1;
				SDKROOT = iphoneos;
				VALIDATE_PRODUCT = YES;
			};
			name = Release;
		};
		B27A946C57C7F8F42454320B /* Debug */ = {
			isa = XCBuildConfiguration;
			buildSettings = {
				ASSETCATALOG_COMPILER_APPICON_NAME = AppIcon;
				ASSETCATALOG_COMPILER_LAUNCHIMAGE_NAME = LaunchImage;
				GCC_PRECOMPILE_PREFIX_HEADER = YES;
				GCC_PREFIX_HEADER = "BDD-App-Code/BDD-App-Code-Prefix.pch";
				INFOPLIST_FILE = "BDD-App-Code/BDD-App-Code-Info.plist";
				PRODUCT_NAME = "$(TARGET_NAME)";
				WRAPPER_EXTENSION = app;
			};
			name = Debug;
		};
		B27A96C1779F43C67D346126 /* Release */ = {
			isa = XCBuildConfiguration;
			buildSettings = {
				ASSETCATALOG_COMPILER_APPICON_NAME = AppIcon;
				ASSETCATALOG_COMPILER_LAUNCHIMAGE_NAME = LaunchImage;
				GCC_PRECOMPILE_PREFIX_HEADER = YES;
				GCC_PREFIX_HEADER = "BDD-App-Code/BDD-App-Code-Prefix.pch";
				INFOPLIST_FILE = "BDD-App-Code/BDD-App-Code-Info.plist";
				PRODUCT_NAME = "$(TARGET_NAME)";
				WRAPPER_EXTENSION = app;
			};
			name = Release;
		};
		B27A9D58C3A6DEC744C5BD0C /* Debug */ = {
			isa = XCBuildConfiguration;
			buildSettings = {
				ALWAYS_SEARCH_USER_PATHS = NO;
				CLANG_CXX_LANGUAGE_STANDARD = "gnu++0x";
				CLANG_CXX_LIBRARY = "libc++";
				CLANG_ENABLE_MODULES = YES;
				CLANG_ENABLE_OBJC_ARC = YES;
				CLANG_WARN_BOOL_CONVERSION = YES;
				CLANG_WARN_CONSTANT_CONVERSION = YES;
				CLANG_WARN_DIRECT_OBJC_ISA_USAGE = YES_ERROR;
				CLANG_WARN_EMPTY_BODY = YES;
				CLANG_WARN_ENUM_CONVERSION = YES;
				CLANG_WARN_INT_CONVERSION = YES;
				CLANG_WARN_OBJC_ROOT_CLASS = YES_ERROR;
				CLANG_WARN__DUPLICATE_METHOD_MATCH = YES;
				"CODE_SIGN_IDENTITY[sdk=iphoneos*]" = "iPhone Developer";
				COPY_PHASE_STRIP = NO;
				GCC_C_LANGUAGE_STANDARD = gnu99;
				GCC_DYNAMIC_NO_PIC = NO;
				GCC_OPTIMIZATION_LEVEL = 0;
				GCC_PREPROCESSOR_DEFINITIONS = (
					"DEBUG=1",
					"$(inherited)",
				);
				GCC_SYMBOLS_PRIVATE_EXTERN = NO;
				GCC_WARN_64_TO_32_BIT_CONVERSION = YES;
				GCC_WARN_ABOUT_RETURN_TYPE = YES_ERROR;
				GCC_WARN_UNDECLARED_SELECTOR = YES;
				GCC_WARN_UNINITIALIZED_AUTOS = YES_AGGRESSIVE;
				GCC_WARN_UNUSED_FUNCTION = YES;
				GCC_WARN_UNUSED_VARIABLE = YES;
				IPHONEOS_DEPLOYMENT_TARGET = 7.1;
				ONLY_ACTIVE_ARCH = YES;
				SDKROOT = iphoneos;
			};
			name = Debug;
		};
		BBCBFABF19AE32C400DDA6F9 /* Debug */ = {
			isa = XCBuildConfiguration;
			baseConfigurationReference = 8774F35ADAB94F01B8C26346 /* Pods-specs.xcconfig */;
			buildSettings = {
				BUNDLE_LOADER = "$(BUILT_PRODUCTS_DIR)/BDD-App-Code.app/BDD-App-Code";
				FRAMEWORK_SEARCH_PATHS = (
					"$(SDKROOT)/Developer/Library/Frameworks",
					"$(inherited)",
					"$(DEVELOPER_FRAMEWORKS_DIR)",
				);
				GCC_PRECOMPILE_PREFIX_HEADER = YES;
				GCC_PREFIX_HEADER = "BDD-App-CodeSpecs/BDD-App-CodeSpecs-Prefix.pch";
				GCC_PREPROCESSOR_DEFINITIONS = (
					"DEBUG=1",
					"$(inherited)",
				);
				INFOPLIST_FILE = "BDD-App-CodeSpecs/BDD-App-CodeSpecs-Info.plist";
				PRODUCT_NAME = "$(TARGET_NAME)";
				TEST_HOST = "$(BUNDLE_LOADER)";
				WRAPPER_EXTENSION = xctest;
			};
			name = Debug;
		};
		BBCBFAC019AE32C400DDA6F9 /* Release */ = {
			isa = XCBuildConfiguration;
			baseConfigurationReference = 8774F35ADAB94F01B8C26346 /* Pods-specs.xcconfig */;
			buildSettings = {
				BUNDLE_LOADER = "$(BUILT_PRODUCTS_DIR)/BDD-App-Code.app/BDD-App-Code";
				FRAMEWORK_SEARCH_PATHS = (
					"$(SDKROOT)/Developer/Library/Frameworks",
					"$(inherited)",
					"$(DEVELOPER_FRAMEWORKS_DIR)",
				);
				GCC_PRECOMPILE_PREFIX_HEADER = YES;
				GCC_PREFIX_HEADER = "BDD-App-CodeSpecs/BDD-App-CodeSpecs-Prefix.pch";
				INFOPLIST_FILE = "BDD-App-CodeSpecs/BDD-App-CodeSpecs-Info.plist";
				PRODUCT_NAME = "$(TARGET_NAME)";
				TEST_HOST = "$(BUNDLE_LOADER)";
				WRAPPER_EXTENSION = xctest;
			};
			name = Release;
		};
/* End XCBuildConfiguration section */

/* Begin XCConfigurationList section */
		B27A91B55C6BCB16F63F483F /* Build configuration list for PBXNativeTarget "BDD-App-Code" */ = {
			isa = XCConfigurationList;
			buildConfigurations = (
				B27A946C57C7F8F42454320B /* Debug */,
				B27A96C1779F43C67D346126 /* Release */,
			);
			defaultConfigurationIsVisible = 0;
			defaultConfigurationName = Release;
		};
		B27A9EBE674BD4FC8F4719A0 /* Build configuration list for PBXProject "BDD-App-Code" */ = {
			isa = XCConfigurationList;
			buildConfigurations = (
				B27A9D58C3A6DEC744C5BD0C /* Debug */,
				B27A9448E1ABB63FC69F0A92 /* Release */,
			);
			defaultConfigurationIsVisible = 0;
			defaultConfigurationName = Release;
		};
		BBCBFABE19AE32C400DDA6F9 /* Build configuration list for PBXNativeTarget "BDD-App-CodeSpecs" */ = {
			isa = XCConfigurationList;
			buildConfigurations = (
				BBCBFABF19AE32C400DDA6F9 /* Debug */,
				BBCBFAC019AE32C400DDA6F9 /* Release */,
			);
			defaultConfigurationIsVisible = 0;
			defaultConfigurationName = Release;
		};
/* End XCConfigurationList section */
	};
	rootObject = B27A914D3249099782BE3FD6 /* Project object */;
}
